
Microsoft Visual Studio Solution File, Format Version 12.00
# Visual Studio Version 17
VisualStudioVersion = 17.13.35931.197
MinimumVisualStudioVersion = 10.0.40219.1
Project("{FAE04EC0-301F-11D3-BF4B-00C04F79EFBC}") = "TANA", "TANA.csproj", "{B01CDCCF-930C-4DC4-8A2B-2AC91FE39ED4}"
EndProject
Project("{FAE04EC0-301F-11D3-BF4B-00C04F79EFBC}") = "Domain", "..\..\..\..\Downloads\clean-architecture-core-main\Domain\Domain.csproj", "{154A5FF5-1611-A77D-3B15-17BF2A11438E}"
EndProject
Project("{FAE04EC0-301F-11D3-BF4B-00C04F79EFBC}") = "Application", "..\..\..\..\Downloads\clean-architecture-core-main\Application\Application.csproj", "{F25E2AF9-E8CE-0D12-04B8-A0D6E58394F7}"
EndProject
Project("{FAE04EC0-301F-11D3-BF4B-00C04F79EFBC}") = "Common", "..\..\..\..\Downloads\clean-architecture-core-main\Common\Common.csproj", "{BF2BD716-F9FD-F2EA-C849-255A5E53FB53}"
EndProject
Project("{FAE04EC0-301F-11D3-BF4B-00C04F79EFBC}") = "Presentation", "..\..\..\..\Downloads\clean-architecture-core-main\Presentation\Presentation.csproj", "{F05A510A-8E7B-EFA8-4C23-D2219BC92588}"
EndProject
Project("{FAE04EC0-301F-11D3-BF4B-00C04F79EFBC}") = "Infrastructure", "..\..\..\..\Downloads\clean-architecture-core-main\Infrastructure\Infrastructure.csproj", "{1DFE47B8-EF19-531D-24AF-AFB9183A9651}"
EndProject
Global
	GlobalSection(SolutionConfigurationPlatforms) = preSolution
		Debug|Any CPU = Debug|Any CPU
		Release|Any CPU = Release|Any CPU
	EndGlobalSection
	GlobalSection(ProjectConfigurationPlatforms) = postSolution
		{B01CDCCF-930C-4DC4-8A2B-2AC91FE39ED4}.Debug|Any CPU.ActiveCfg = Debug|Any CPU
		{B01CDCCF-930C-4DC4-8A2B-2AC91FE39ED4}.Debug|Any CPU.Build.0 = Debug|Any CPU
		{B01CDCCF-930C-4DC4-8A2B-2AC91FE39ED4}.Release|Any CPU.ActiveCfg = Release|Any CPU
		{B01CDCCF-930C-4DC4-8A2B-2AC91FE39ED4}.Release|Any CPU.Build.0 = Release|Any CPU
		{154A5FF5-1611-A77D-3B15-17BF2A11438E}.Debug|Any CPU.ActiveCfg = Debug|Any CPU
		{154A5FF5-1611-A77D-3B15-17BF2A11438E}.Debug|Any CPU.Build.0 = Debug|Any CPU
		{154A5FF5-1611-A77D-3B15-17BF2A11438E}.Release|Any CPU.ActiveCfg = Release|Any CPU
		{154A5FF5-1611-A77D-3B15-17BF2A11438E}.Release|Any CPU.Build.0 = Release|Any CPU
		{F25E2AF9-E8CE-0D12-04B8-A0D6E58394F7}.Debug|Any CPU.ActiveCfg = Debug|Any CPU
		{F25E2AF9-E8CE-0D12-04B8-A0D6E58394F7}.Debug|Any CPU.Build.0 = Debug|Any CPU
		{F25E2AF9-E8CE-0D12-04B8-A0D6E58394F7}.Release|Any CPU.ActiveCfg = Release|Any CPU
		{F25E2AF9-E8CE-0D12-04B8-A0D6E58394F7}.Release|Any CPU.Build.0 = Release|Any CPU
		{BF2BD716-F9FD-F2EA-C849-255A5E53FB53}.Debug|Any CPU.ActiveCfg = Debug|Any CPU
		{BF2BD716-F9FD-F2EA-C849-255A5E53FB53}.Debug|Any CPU.Build.0 = Debug|Any CPU
		{BF2BD716-F9FD-F2EA-C849-255A5E53FB53}.Release|Any CPU.ActiveCfg = Release|Any CPU
		{BF2BD716-F9FD-F2EA-C849-255A5E53FB53}.Release|Any CPU.Build.0 = Release|Any CPU
		{F05A510A-8E7B-EFA8-4C23-D2219BC92588}.Debug|Any CPU.ActiveCfg = Debug|Any CPU
		{F05A510A-8E7B-EFA8-4C23-D2219BC92588}.Debug|Any CPU.Build.0 = Debug|Any CPU
		{F05A510A-8E7B-EFA8-4C23-D2219BC92588}.Release|Any CPU.ActiveCfg = Release|Any CPU
		{F05A510A-8E7B-EFA8-4C23-D2219BC92588}.Release|Any CPU.Build.0 = Release|Any CPU
		{1DFE47B8-EF19-531D-24AF-AFB9183A9651}.Debug|Any CPU.ActiveCfg = Debug|Any CPU
		{1DFE47B8-EF19-531D-24AF-AFB9183A9651}.Debug|Any CPU.Build.0 = Debug|Any CPU
		{1DFE47B8-EF19-531D-24AF-AFB9183A9651}.Release|Any CPU.ActiveCfg = Release|Any CPU
		{1DFE47B8-EF19-531D-24AF-AFB9183A9651}.Release|Any CPU.Build.0 = Release|Any CPU
	EndGlobalSection
	GlobalSection(SolutionProperties) = preSolution
		HideSolutionNode = FALSE
	EndGlobalSection
	GlobalSection(ExtensibilityGlobals) = postSolution
		SolutionGuid = {504FA8C3-33DD-43F0-8775-331533A37160}
	EndGlobalSection
EndGlobal
