
Microsoft Visual Studio Solution File, Format Version 12.00
# Visual Studio Version 17
VisualStudioVersion = 17.12.35527.113
MinimumVisualStudioVersion = 10.0.40219.1
Project("{FAE04EC0-301F-11D3-BF4B-00C04F79EFBC}") = "TANA.Domain", "TANA.Domain\TANA.Domain.csproj", "{D57B8FFE-D4A4-48E5-BFD2-26DFD8523BDB}"
EndProject
Project("{FAE04EC0-301F-11D3-BF4B-00C04F79EFBC}") = "TANA.Application", "TANA.Application\TANA.Application.csproj", "{D834218D-4E9B-4F4C-B1A2-028155D56244}"
EndProject
Project("{FAE04EC0-301F-11D3-BF4B-00C04F79EFBC}") = "TANA.Persistence", "TANA.Persistence\TANA.Persistence.csproj", "{0A348CD0-2597-4A75-A0FB-DA88C068A836}"
EndProject
Project("{FAE04EC0-301F-11D3-BF4B-00C04F79EFBC}") = "TANA.Infrastructure", "TANA.Infrastructure\TANA.Infrastructure.csproj", "{B9E61AFB-D2CE-4709-B32E-C4914951A3A1}"
EndProject
Project("{FAE04EC0-301F-11D3-BF4B-00C04F79EFBC}") = "TANA.Web", "TANA.Web\TANA.Web.csproj", "{58C35CB0-06C5-425A-B985-FD56B26E5B02}"
EndProject
Project("{FAE04EC0-301F-11D3-BF4B-00C04F79EFBC}") = "TANA.API", "TANA.API\TANA.API.csproj", "{44A35EED-01A1-4BF5-9D50-2C38DD326130}"
EndProject
Project("{E53339B2-1760-4266-BCC7-CA923CBCF16C}") = "docker-compose", "docker-compose.dcproj", "{81DDED9D-158B-E303-5F62-77A2896D2A5A}"
EndProject
Global
	GlobalSection(SolutionConfigurationPlatforms) = preSolution
		Debug|Any CPU = Debug|Any CPU
		Release|Any CPU = Release|Any CPU
	EndGlobalSection
	GlobalSection(ProjectConfigurationPlatforms) = postSolution
		{D57B8FFE-D4A4-48E5-BFD2-26DFD8523BDB}.Debug|Any CPU.ActiveCfg = Debug|Any CPU
		{D57B8FFE-D4A4-48E5-BFD2-26DFD8523BDB}.Debug|Any CPU.Build.0 = Debug|Any CPU
		{D57B8FFE-D4A4-48E5-BFD2-26DFD8523BDB}.Release|Any CPU.ActiveCfg = Release|Any CPU
		{D57B8FFE-D4A4-48E5-BFD2-26DFD8523BDB}.Release|Any CPU.Build.0 = Release|Any CPU
		{D834218D-4E9B-4F4C-B1A2-028155D56244}.Debug|Any CPU.ActiveCfg = Debug|Any CPU
		{D834218D-4E9B-4F4C-B1A2-028155D56244}.Debug|Any CPU.Build.0 = Debug|Any CPU
		{D834218D-4E9B-4F4C-B1A2-028155D56244}.Release|Any CPU.ActiveCfg = Release|Any CPU
		{D834218D-4E9B-4F4C-B1A2-028155D56244}.Release|Any CPU.Build.0 = Release|Any CPU
		{0A348CD0-2597-4A75-A0FB-DA88C068A836}.Debug|Any CPU.ActiveCfg = Debug|Any CPU
		{0A348CD0-2597-4A75-A0FB-DA88C068A836}.Debug|Any CPU.Build.0 = Debug|Any CPU
		{0A348CD0-2597-4A75-A0FB-DA88C068A836}.Release|Any CPU.ActiveCfg = Release|Any CPU
		{0A348CD0-2597-4A75-A0FB-DA88C068A836}.Release|Any CPU.Build.0 = Release|Any CPU
		{B9E61AFB-D2CE-4709-B32E-C4914951A3A1}.Debug|Any CPU.ActiveCfg = Debug|Any CPU
		{B9E61AFB-D2CE-4709-B32E-C4914951A3A1}.Debug|Any CPU.Build.0 = Debug|Any CPU
		{B9E61AFB-D2CE-4709-B32E-C4914951A3A1}.Release|Any CPU.ActiveCfg = Release|Any CPU
		{B9E61AFB-D2CE-4709-B32E-C4914951A3A1}.Release|Any CPU.Build.0 = Release|Any CPU
		{58C35CB0-06C5-425A-B985-FD56B26E5B02}.Debug|Any CPU.ActiveCfg = Debug|Any CPU
		{58C35CB0-06C5-425A-B985-FD56B26E5B02}.Debug|Any CPU.Build.0 = Debug|Any CPU
		{58C35CB0-06C5-425A-B985-FD56B26E5B02}.Release|Any CPU.ActiveCfg = Release|Any CPU
		{58C35CB0-06C5-425A-B985-FD56B26E5B02}.Release|Any CPU.Build.0 = Release|Any CPU
		{44A35EED-01A1-4BF5-9D50-2C38DD326130}.Debug|Any CPU.ActiveCfg = Debug|Any CPU
		{44A35EED-01A1-4BF5-9D50-2C38DD326130}.Debug|Any CPU.Build.0 = Debug|Any CPU
		{44A35EED-01A1-4BF5-9D50-2C38DD326130}.Release|Any CPU.ActiveCfg = Release|Any CPU
		{44A35EED-01A1-4BF5-9D50-2C38DD326130}.Release|Any CPU.Build.0 = Release|Any CPU
		{81DDED9D-158B-E303-5F62-77A2896D2A5A}.Debug|Any CPU.ActiveCfg = Debug|Any CPU
		{81DDED9D-158B-E303-5F62-77A2896D2A5A}.Debug|Any CPU.Build.0 = Debug|Any CPU
		{81DDED9D-158B-E303-5F62-77A2896D2A5A}.Release|Any CPU.ActiveCfg = Release|Any CPU
		{81DDED9D-158B-E303-5F62-77A2896D2A5A}.Release|Any CPU.Build.0 = Release|Any CPU
	EndGlobalSection
	GlobalSection(SolutionProperties) = preSolution
		HideSolutionNode = FALSE
	EndGlobalSection
	GlobalSection(ExtensibilityGlobals) = postSolution
		SolutionGuid = {1B4660F1-4C5F-454D-95E5-6FE4EDCB8164}
	EndGlobalSection
EndGlobal
